
Microsoft Visual Studio Solution File, Format Version 12.00
# Visual Studio Version 16
VisualStudioVersion = 16.0.30114.105
MinimumVisualStudioVersion = 10.0.40219.1
Project("{FAE04EC0-301F-11D3-BF4B-00C04F79EFBC}") = "API", "API\API.csproj", "{E789CC21-13C8-4D37-9475-046C3CB81FF1}"
EndProject
Project("{FAE04EC0-301F-11D3-BF4B-00C04F79EFBC}") = "Core", "Core\Core.csproj", "{DA4BB5E8-6922-4724-824F-6073EBE49114}"
EndProject
Project("{FAE04EC0-301F-11D3-BF4B-00C04F79EFBC}") = "Infra", "Infra\Infra.csproj", "{DB9048A1-B1B7-47A5-9B69-503DA1BCE3BB}"
EndProject
Global
	GlobalSection(SolutionConfigurationPlatforms) = preSolution
		Debug|Any CPU = Debug|Any CPU
		Debug|x64 = Debug|x64
		Debug|x86 = Debug|x86
		Release|Any CPU = Release|Any CPU
		Release|x64 = Release|x64
		Release|x86 = Release|x86
	EndGlobalSection
	GlobalSection(SolutionProperties) = preSolution
		HideSolutionNode = FALSE
	EndGlobalSection
	GlobalSection(ProjectConfigurationPlatforms) = postSolution
		{E789CC21-13C8-4D37-9475-046C3CB81FF1}.Debug|Any CPU.ActiveCfg = Debug|Any CPU
		{E789CC21-13C8-4D37-9475-046C3CB81FF1}.Debug|Any CPU.Build.0 = Debug|Any CPU
		{E789CC21-13C8-4D37-9475-046C3CB81FF1}.Debug|x64.ActiveCfg = Debug|Any CPU
		{E789CC21-13C8-4D37-9475-046C3CB81FF1}.Debug|x64.Build.0 = Debug|Any CPU
		{E789CC21-13C8-4D37-9475-046C3CB81FF1}.Debug|x86.ActiveCfg = Debug|Any CPU
		{E789CC21-13C8-4D37-9475-046C3CB81FF1}.Debug|x86.Build.0 = Debug|Any CPU
		{E789CC21-13C8-4D37-9475-046C3CB81FF1}.Release|Any CPU.ActiveCfg = Release|Any CPU
		{E789CC21-13C8-4D37-9475-046C3CB81FF1}.Release|Any CPU.Build.0 = Release|Any CPU
		{E789CC21-13C8-4D37-9475-046C3CB81FF1}.Release|x64.ActiveCfg = Release|Any CPU
		{E789CC21-13C8-4D37-9475-046C3CB81FF1}.Release|x64.Build.0 = Release|Any CPU
		{E789CC21-13C8-4D37-9475-046C3CB81FF1}.Release|x86.ActiveCfg = Release|Any CPU
		{E789CC21-13C8-4D37-9475-046C3CB81FF1}.Release|x86.Build.0 = Release|Any CPU
		{DA4BB5E8-6922-4724-824F-6073EBE49114}.Debug|Any CPU.ActiveCfg = Debug|Any CPU
		{DA4BB5E8-6922-4724-824F-6073EBE49114}.Debug|Any CPU.Build.0 = Debug|Any CPU
		{DA4BB5E8-6922-4724-824F-6073EBE49114}.Debug|x64.ActiveCfg = Debug|Any CPU
		{DA4BB5E8-6922-4724-824F-6073EBE49114}.Debug|x64.Build.0 = Debug|Any CPU
		{DA4BB5E8-6922-4724-824F-6073EBE49114}.Debug|x86.ActiveCfg = Debug|Any CPU
		{DA4BB5E8-6922-4724-824F-6073EBE49114}.Debug|x86.Build.0 = Debug|Any CPU
		{DA4BB5E8-6922-4724-824F-6073EBE49114}.Release|Any CPU.ActiveCfg = Release|Any CPU
		{DA4BB5E8-6922-4724-824F-6073EBE49114}.Release|Any CPU.Build.0 = Release|Any CPU
		{DA4BB5E8-6922-4724-824F-6073EBE49114}.Release|x64.ActiveCfg = Release|Any CPU
		{DA4BB5E8-6922-4724-824F-6073EBE49114}.Release|x64.Build.0 = Release|Any CPU
		{DA4BB5E8-6922-4724-824F-6073EBE49114}.Release|x86.ActiveCfg = Release|Any CPU
		{DA4BB5E8-6922-4724-824F-6073EBE49114}.Release|x86.Build.0 = Release|Any CPU
		{DB9048A1-B1B7-47A5-9B69-503DA1BCE3BB}.Debug|Any CPU.ActiveCfg = Debug|Any CPU
		{DB9048A1-B1B7-47A5-9B69-503DA1BCE3BB}.Debug|Any CPU.Build.0 = Debug|Any CPU
		{DB9048A1-B1B7-47A5-9B69-503DA1BCE3BB}.Debug|x64.ActiveCfg = Debug|Any CPU
		{DB9048A1-B1B7-47A5-9B69-503DA1BCE3BB}.Debug|x64.Build.0 = Debug|Any CPU
		{DB9048A1-B1B7-47A5-9B69-503DA1BCE3BB}.Debug|x86.ActiveCfg = Debug|Any CPU
		{DB9048A1-B1B7-47A5-9B69-503DA1BCE3BB}.Debug|x86.Build.0 = Debug|Any CPU
		{DB9048A1-B1B7-47A5-9B69-503DA1BCE3BB}.Release|Any CPU.ActiveCfg = Release|Any CPU
		{DB9048A1-B1B7-47A5-9B69-503DA1BCE3BB}.Release|Any CPU.Build.0 = Release|Any CPU
		{DB9048A1-B1B7-47A5-9B69-503DA1BCE3BB}.Release|x64.ActiveCfg = Release|Any CPU
		{DB9048A1-B1B7-47A5-9B69-503DA1BCE3BB}.Release|x64.Build.0 = Release|Any CPU
		{DB9048A1-B1B7-47A5-9B69-503DA1BCE3BB}.Release|x86.ActiveCfg = Release|Any CPU
		{DB9048A1-B1B7-47A5-9B69-503DA1BCE3BB}.Release|x86.Build.0 = Release|Any CPU
	EndGlobalSection
EndGlobal
